
Microsoft Visual Studio Solution File, Format Version 12.00
# Visual Studio Version 17
VisualStudioVersion = 17.0.31423.177
MinimumVisualStudioVersion = 10.0.40219.1
Project("{FAE04EC0-301F-11D3-BF4B-00C04F79EFBC}") = "Splunk.Logger.Api", "Splunk.Logger.Api\Splunk.Logger.Api.csproj", "{B3CE5173-1305-40BD-98A7-B384CFEDDE71}"
EndProject
Global
	GlobalSection(SolutionConfigurationPlatforms) = preSolution
		Debug|Any CPU = Debug|Any CPU
		Release|Any CPU = Release|Any CPU
	EndGlobalSection
	GlobalSection(ProjectConfigurationPlatforms) = postSolution
		{B3CE5173-1305-40BD-98A7-B384CFEDDE71}.Debug|Any CPU.ActiveCfg = Debug|Any CPU
		{B3CE5173-1305-40BD-98A7-B384CFEDDE71}.Debug|Any CPU.Build.0 = Debug|Any CPU
		{B3CE5173-1305-40BD-98A7-B384CFEDDE71}.Release|Any CPU.ActiveCfg = Release|Any CPU
		{B3CE5173-1305-40BD-98A7-B384CFEDDE71}.Release|Any CPU.Build.0 = Release|Any CPU
	EndGlobalSection
	GlobalSection(SolutionProperties) = preSolution
		HideSolutionNode = FALSE
	EndGlobalSection
	GlobalSection(ExtensibilityGlobals) = postSolution
		SolutionGuid = {3F84C1D8-59B8-480B-88CF-E2BE3905F2A6}
	EndGlobalSection
EndGlobal
